
Microsoft Visual Studio Solution File, Format Version 12.00
# Visual Studio 15
VisualStudioVersion = 15.0.27428.2015
MinimumVisualStudioVersion = 10.0.40219.1
Project("{F184B08F-C81C-45F6-A57F-5ABD9991F28F}") = "ConsoleApp1", "ConsoleApp1\ConsoleApp1.vbproj", "{59B295E3-BA7F-4511-8D14-42262B0A3201}"
EndProject
Global
	GlobalSection(SolutionConfigurationPlatforms) = preSolution
		Debug|Any CPU = Debug|Any CPU
		Release|Any CPU = Release|Any CPU
	EndGlobalSection
	GlobalSection(ProjectConfigurationPlatforms) = postSolution
		{59B295E3-BA7F-4511-8D14-42262B0A3201}.Debug|Any CPU.ActiveCfg = Debug|Any CPU
		{59B295E3-BA7F-4511-8D14-42262B0A3201}.Debug|Any CPU.Build.0 = Debug|Any CPU
		{59B295E3-BA7F-4511-8D14-42262B0A3201}.Release|Any CPU.ActiveCfg = Release|Any CPU
		{59B295E3-BA7F-4511-8D14-42262B0A3201}.Release|Any CPU.Build.0 = Release|Any CPU
	EndGlobalSection
	GlobalSection(SolutionProperties) = preSolution
		HideSolutionNode = FALSE
	EndGlobalSection
	GlobalSection(ExtensibilityGlobals) = postSolution
		SolutionGuid = {A87AB383-814A-4D4C-989B-EA0A93C49506}
	EndGlobalSection
EndGlobal
